github.com/rnakamine/gopherdojo-studyroom v0.0.0-20210224160852-789fa455a238 h1:eOmw3EiZKhSYy7FcpXQyW+GKiEH7PzMgCJk5JmC11RQ=
github.com/rnakamine/gopherdojo-studyroom/kadai1 v0.0.0-20210224160852-789fa455a238 h1:W2lyKAfTa4BVi4TNadc0IFkWRElUJYsCVNLQqbMuRwo=
github.com/rnakamine/gopherdojo-studyroom/kadai1 v0.0.0-20210224160852-789fa455a238/go.mod h1:5TUqzaf40AHw3EHPDCts60nWvl41ErkdhKj+GTCerEQ=
